
Microsoft Visual Studio Solution File, Format Version 12.00
# Visual Studio Version 17
VisualStudioVersion = 17.5.2.0
MinimumVisualStudioVersion = 10.0.40219.1
Project("{2150E333-8FDC-42A3-9474-1A3956D46DE8}") = "Clase1", "Clase1", "{0C7560E5-C71D-EDB4-BCFC-874362186766}"
EndProject
Project("{FAE04EC0-301F-11D3-BF4B-00C04F79EFBC}") = "Clase1.Logica", "Clase1\Clase1.Logica\Clase1.Logica.csproj", "{653FD2DF-4F31-9C5C-B999-C6BC353215F7}"
EndProject
Project("{FAE04EC0-301F-11D3-BF4B-00C04F79EFBC}") = "Clase1.Tests", "Clase1\Clase1.Tests\Clase1.Tests.csproj", "{FD10DB68-16CB-E275-E972-D725CC1CD2D2}"
EndProject
Project("{FAE04EC0-301F-11D3-BF4B-00C04F79EFBC}") = "Clase1.Consola", "Clase1\Clase1.Consola\Clase1.Consola.csproj", "{64054A2C-59DE-0F7E-5084-5D2E3C565F01}"
EndProject
Project("{2150E333-8FDC-42A3-9474-1A3956D46DE8}") = "Clase-1-Tarea", "Clase-1-Tarea", "{E34A6978-465C-32FC-C0EC-6CF5F035D77F}"
EndProject
Project("{2150E333-8FDC-42A3-9474-1A3956D46DE8}") = "juegoNumero", "juegoNumero", "{B8242E94-7CB3-6CE4-3DC9-5B0F40BA2AAE}"
EndProject
Project("{FAE04EC0-301F-11D3-BF4B-00C04F79EFBC}") = "Clase1.Tests", "Clase-1-Tarea\juegoNumero\Clase1.Tests\Clase1.Tests.csproj", "{6700BF56-6E1F-4A38-B743-2727ABC3BDB2}"
EndProject
Project("{FAE04EC0-301F-11D3-BF4B-00C04F79EFBC}") = "Clase1.Logica", "Clase-1-Tarea\juegoNumero\Clase1.Logica\Clase1.Logica.csproj", "{FA3294D1-05BA-440E-89DD-3933538DF6EB}"
EndProject
Global
	GlobalSection(SolutionConfigurationPlatforms) = preSolution
		Debug|Any CPU = Debug|Any CPU
		Debug|x64 = Debug|x64
		Debug|x86 = Debug|x86
		Release|Any CPU = Release|Any CPU
		Release|x64 = Release|x64
		Release|x86 = Release|x86
	EndGlobalSection
	GlobalSection(ProjectConfigurationPlatforms) = postSolution
		{653FD2DF-4F31-9C5C-B999-C6BC353215F7}.Debug|Any CPU.ActiveCfg = Debug|Any CPU
		{653FD2DF-4F31-9C5C-B999-C6BC353215F7}.Debug|Any CPU.Build.0 = Debug|Any CPU
		{653FD2DF-4F31-9C5C-B999-C6BC353215F7}.Debug|x64.ActiveCfg = Debug|Any CPU
		{653FD2DF-4F31-9C5C-B999-C6BC353215F7}.Debug|x64.Build.0 = Debug|Any CPU
		{653FD2DF-4F31-9C5C-B999-C6BC353215F7}.Debug|x86.ActiveCfg = Debug|Any CPU
		{653FD2DF-4F31-9C5C-B999-C6BC353215F7}.Debug|x86.Build.0 = Debug|Any CPU
		{653FD2DF-4F31-9C5C-B999-C6BC353215F7}.Release|Any CPU.ActiveCfg = Release|Any CPU
		{653FD2DF-4F31-9C5C-B999-C6BC353215F7}.Release|Any CPU.Build.0 = Release|Any CPU
		{653FD2DF-4F31-9C5C-B999-C6BC353215F7}.Release|x64.ActiveCfg = Release|Any CPU
		{653FD2DF-4F31-9C5C-B999-C6BC353215F7}.Release|x64.Build.0 = Release|Any CPU
		{653FD2DF-4F31-9C5C-B999-C6BC353215F7}.Release|x86.ActiveCfg = Release|Any CPU
		{653FD2DF-4F31-9C5C-B999-C6BC353215F7}.Release|x86.Build.0 = Release|Any CPU
		{FD10DB68-16CB-E275-E972-D725CC1CD2D2}.Debug|Any CPU.ActiveCfg = Debug|Any CPU
		{FD10DB68-16CB-E275-E972-D725CC1CD2D2}.Debug|Any CPU.Build.0 = Debug|Any CPU
		{FD10DB68-16CB-E275-E972-D725CC1CD2D2}.Debug|x64.ActiveCfg = Debug|Any CPU
		{FD10DB68-16CB-E275-E972-D725CC1CD2D2}.Debug|x64.Build.0 = Debug|Any CPU
		{FD10DB68-16CB-E275-E972-D725CC1CD2D2}.Debug|x86.ActiveCfg = Debug|Any CPU
		{FD10DB68-16CB-E275-E972-D725CC1CD2D2}.Debug|x86.Build.0 = Debug|Any CPU
		{FD10DB68-16CB-E275-E972-D725CC1CD2D2}.Release|Any CPU.ActiveCfg = Release|Any CPU
		{FD10DB68-16CB-E275-E972-D725CC1CD2D2}.Release|Any CPU.Build.0 = Release|Any CPU
		{FD10DB68-16CB-E275-E972-D725CC1CD2D2}.Release|x64.ActiveCfg = Release|Any CPU
		{FD10DB68-16CB-E275-E972-D725CC1CD2D2}.Release|x64.Build.0 = Release|Any CPU
		{FD10DB68-16CB-E275-E972-D725CC1CD2D2}.Release|x86.ActiveCfg = Release|Any CPU
		{FD10DB68-16CB-E275-E972-D725CC1CD2D2}.Release|x86.Build.0 = Release|Any CPU
		{64054A2C-59DE-0F7E-5084-5D2E3C565F01}.Debug|Any CPU.ActiveCfg = Debug|Any CPU
		{64054A2C-59DE-0F7E-5084-5D2E3C565F01}.Debug|Any CPU.Build.0 = Debug|Any CPU
		{64054A2C-59DE-0F7E-5084-5D2E3C565F01}.Debug|x64.ActiveCfg = Debug|Any CPU
		{64054A2C-59DE-0F7E-5084-5D2E3C565F01}.Debug|x64.Build.0 = Debug|Any CPU
		{64054A2C-59DE-0F7E-5084-5D2E3C565F01}.Debug|x86.ActiveCfg = Debug|Any CPU
		{64054A2C-59DE-0F7E-5084-5D2E3C565F01}.Debug|x86.Build.0 = Debug|Any CPU
		{64054A2C-59DE-0F7E-5084-5D2E3C565F01}.Release|Any CPU.ActiveCfg = Release|Any CPU
		{64054A2C-59DE-0F7E-5084-5D2E3C565F01}.Release|Any CPU.Build.0 = Release|Any CPU
		{64054A2C-59DE-0F7E-5084-5D2E3C565F01}.Release|x64.ActiveCfg = Release|Any CPU
		{64054A2C-59DE-0F7E-5084-5D2E3C565F01}.Release|x64.Build.0 = Release|Any CPU
		{64054A2C-59DE-0F7E-5084-5D2E3C565F01}.Release|x86.ActiveCfg = Release|Any CPU
		{64054A2C-59DE-0F7E-5084-5D2E3C565F01}.Release|x86.Build.0 = Release|Any CPU
		{6700BF56-6E1F-4A38-B743-2727ABC3BDB2}.Debug|Any CPU.ActiveCfg = Debug|Any CPU
		{6700BF56-6E1F-4A38-B743-2727ABC3BDB2}.Debug|Any CPU.Build.0 = Debug|Any CPU
		{6700BF56-6E1F-4A38-B743-2727ABC3BDB2}.Debug|x64.ActiveCfg = Debug|Any CPU
		{6700BF56-6E1F-4A38-B743-2727ABC3BDB2}.Debug|x64.Build.0 = Debug|Any CPU
		{6700BF56-6E1F-4A38-B743-2727ABC3BDB2}.Debug|x86.ActiveCfg = Debug|Any CPU
		{6700BF56-6E1F-4A38-B743-2727ABC3BDB2}.Debug|x86.Build.0 = Debug|Any CPU
		{6700BF56-6E1F-4A38-B743-2727ABC3BDB2}.Release|Any CPU.ActiveCfg = Release|Any CPU
		{6700BF56-6E1F-4A38-B743-2727ABC3BDB2}.Release|Any CPU.Build.0 = Release|Any CPU
		{6700BF56-6E1F-4A38-B743-2727ABC3BDB2}.Release|x64.ActiveCfg = Release|Any CPU
		{6700BF56-6E1F-4A38-B743-2727ABC3BDB2}.Release|x64.Build.0 = Release|Any CPU
		{6700BF56-6E1F-4A38-B743-2727ABC3BDB2}.Release|x86.ActiveCfg = Release|Any CPU
		{6700BF56-6E1F-4A38-B743-2727ABC3BDB2}.Release|x86.Build.0 = Release|Any CPU
		{FA3294D1-05BA-440E-89DD-3933538DF6EB}.Debug|Any CPU.ActiveCfg = Debug|Any CPU
		{FA3294D1-05BA-440E-89DD-3933538DF6EB}.Debug|Any CPU.Build.0 = Debug|Any CPU
		{FA3294D1-05BA-440E-89DD-3933538DF6EB}.Debug|x64.ActiveCfg = Debug|Any CPU
		{FA3294D1-05BA-440E-89DD-3933538DF6EB}.Debug|x64.Build.0 = Debug|Any CPU
		{FA3294D1-05BA-440E-89DD-3933538DF6EB}.Debug|x86.ActiveCfg = Debug|Any CPU
		{FA3294D1-05BA-440E-89DD-3933538DF6EB}.Debug|x86.Build.0 = Debug|Any CPU
		{FA3294D1-05BA-440E-89DD-3933538DF6EB}.Release|Any CPU.ActiveCfg = Release|Any CPU
		{FA3294D1-05BA-440E-89DD-3933538DF6EB}.Release|Any CPU.Build.0 = Release|Any CPU
		{FA3294D1-05BA-440E-89DD-3933538DF6EB}.Release|x64.ActiveCfg = Release|Any CPU
		{FA3294D1-05BA-440E-89DD-3933538DF6EB}.Release|x64.Build.0 = Release|Any CPU
		{FA3294D1-05BA-440E-89DD-3933538DF6EB}.Release|x86.ActiveCfg = Release|Any CPU
		{FA3294D1-05BA-440E-89DD-3933538DF6EB}.Release|x86.Build.0 = Release|Any CPU
	EndGlobalSection
	GlobalSection(SolutionProperties) = preSolution
		HideSolutionNode = FALSE
	EndGlobalSection
	GlobalSection(NestedProjects) = preSolution
		{653FD2DF-4F31-9C5C-B999-C6BC353215F7} = {0C7560E5-C71D-EDB4-BCFC-874362186766}
		{FD10DB68-16CB-E275-E972-D725CC1CD2D2} = {0C7560E5-C71D-EDB4-BCFC-874362186766}
		{64054A2C-59DE-0F7E-5084-5D2E3C565F01} = {0C7560E5-C71D-EDB4-BCFC-874362186766}
		{B8242E94-7CB3-6CE4-3DC9-5B0F40BA2AAE} = {E34A6978-465C-32FC-C0EC-6CF5F035D77F}
		{6700BF56-6E1F-4A38-B743-2727ABC3BDB2} = {B8242E94-7CB3-6CE4-3DC9-5B0F40BA2AAE}
		{FA3294D1-05BA-440E-89DD-3933538DF6EB} = {B8242E94-7CB3-6CE4-3DC9-5B0F40BA2AAE}
	EndGlobalSection
	GlobalSection(ExtensibilityGlobals) = postSolution
		SolutionGuid = {66520AD1-22D4-4BA5-9664-3B02C428C698}
	EndGlobalSection
EndGlobal
